
Microsoft Visual Studio Solution File, Format Version 12.00
# Visual Studio 14
VisualStudioVersion = 14.0.25420.1
MinimumVisualStudioVersion = 10.0.40219.1
Project("{FAE04EC0-301F-11D3-BF4B-00C04F79EFBC}") = "PrismSample", "PrismSample\PrismSample\PrismSample.csproj", "{805E7099-A633-4FB2-8ACE-8E2856E36480}"
EndProject
Project("{FAE04EC0-301F-11D3-BF4B-00C04F79EFBC}") = "PrismSample.Droid", "PrismSample\PrismSample.Droid\PrismSample.Droid.csproj", "{A967500F-7F18-419C-BC94-018BB4DA95DA}"
EndProject
Project("{FAE04EC0-301F-11D3-BF4B-00C04F79EFBC}") = "PrismSample.iOS", "PrismSample\PrismSample.iOS\PrismSample.iOS.csproj", "{C4C7F3BC-89D3-4D3E-ABE7-5096DB5DDB96}"
EndProject
Project("{FAE04EC0-301F-11D3-BF4B-00C04F79EFBC}") = "PrismSample.UWP", "PrismSample\PrismSample.UWP\PrismSample.UWP.csproj", "{4E5B54F4-14F5-42D5-B2CF-A6384C5C734C}"
EndProject
Global
	GlobalSection(SolutionConfigurationPlatforms) = preSolution
		Ad-Hoc|Any CPU = Ad-Hoc|Any CPU
		Ad-Hoc|ARM = Ad-Hoc|ARM
		Ad-Hoc|iPhone = Ad-Hoc|iPhone
		Ad-Hoc|iPhoneSimulator = Ad-Hoc|iPhoneSimulator
		Ad-Hoc|x64 = Ad-Hoc|x64
		Ad-Hoc|x86 = Ad-Hoc|x86
		AppStore|Any CPU = AppStore|Any CPU
		AppStore|ARM = AppStore|ARM
		AppStore|iPhone = AppStore|iPhone
		AppStore|iPhoneSimulator = AppStore|iPhoneSimulator
		AppStore|x64 = AppStore|x64
		AppStore|x86 = AppStore|x86
		Debug|Any CPU = Debug|Any CPU
		Debug|ARM = Debug|ARM
		Debug|iPhone = Debug|iPhone
		Debug|iPhoneSimulator = Debug|iPhoneSimulator
		Debug|x64 = Debug|x64
		Debug|x86 = Debug|x86
		Release|Any CPU = Release|Any CPU
		Release|ARM = Release|ARM
		Release|iPhone = Release|iPhone
		Release|iPhoneSimulator = Release|iPhoneSimulator
		Release|x64 = Release|x64
		Release|x86 = Release|x86
	EndGlobalSection
	GlobalSection(ProjectConfigurationPlatforms) = postSolution
		{805E7099-A633-4FB2-8ACE-8E2856E36480}.Ad-Hoc|Any CPU.ActiveCfg = Release|Any CPU
		{805E7099-A633-4FB2-8ACE-8E2856E36480}.Ad-Hoc|Any CPU.Build.0 = Release|Any CPU
		{805E7099-A633-4FB2-8ACE-8E2856E36480}.Ad-Hoc|ARM.ActiveCfg = Release|Any CPU
		{805E7099-A633-4FB2-8ACE-8E2856E36480}.Ad-Hoc|ARM.Build.0 = Release|Any CPU
		{805E7099-A633-4FB2-8ACE-8E2856E36480}.Ad-Hoc|iPhone.ActiveCfg = Release|Any CPU
		{805E7099-A633-4FB2-8ACE-8E2856E36480}.Ad-Hoc|iPhone.Build.0 = Release|Any CPU
		{805E7099-A633-4FB2-8ACE-8E2856E36480}.Ad-Hoc|iPhoneSimulator.ActiveCfg = Release|Any CPU
		{805E7099-A633-4FB2-8ACE-8E2856E36480}.Ad-Hoc|iPhoneSimulator.Build.0 = Release|Any CPU
		{805E7099-A633-4FB2-8ACE-8E2856E36480}.Ad-Hoc|x64.ActiveCfg = Release|Any CPU
		{805E7099-A633-4FB2-8ACE-8E2856E36480}.Ad-Hoc|x64.Build.0 = Release|Any CPU
		{805E7099-A633-4FB2-8ACE-8E2856E36480}.Ad-Hoc|x86.ActiveCfg = Release|Any CPU
		{805E7099-A633-4FB2-8ACE-8E2856E36480}.Ad-Hoc|x86.Build.0 = Release|Any CPU
		{805E7099-A633-4FB2-8ACE-8E2856E36480}.AppStore|Any CPU.ActiveCfg = Release|Any CPU
		{805E7099-A633-4FB2-8ACE-8E2856E36480}.AppStore|Any CPU.Build.0 = Release|Any CPU
		{805E7099-A633-4FB2-8ACE-8E2856E36480}.AppStore|ARM.ActiveCfg = Release|Any CPU
		{805E7099-A633-4FB2-8ACE-8E2856E36480}.AppStore|ARM.Build.0 = Release|Any CPU
		{805E7099-A633-4FB2-8ACE-8E2856E36480}.AppStore|iPhone.ActiveCfg = Release|Any CPU
		{805E7099-A633-4FB2-8ACE-8E2856E36480}.AppStore|iPhone.Build.0 = Release|Any CPU
		{805E7099-A633-4FB2-8ACE-8E2856E36480}.AppStore|iPhoneSimulator.ActiveCfg = Release|Any CPU
		{805E7099-A633-4FB2-8ACE-8E2856E36480}.AppStore|iPhoneSimulator.Build.0 = Release|Any CPU
		{805E7099-A633-4FB2-8ACE-8E2856E36480}.AppStore|x64.ActiveCfg = Release|Any CPU
		{805E7099-A633-4FB2-8ACE-8E2856E36480}.AppStore|x64.Build.0 = Release|Any CPU
		{805E7099-A633-4FB2-8ACE-8E2856E36480}.AppStore|x86.ActiveCfg = Release|Any CPU
		{805E7099-A633-4FB2-8ACE-8E2856E36480}.AppStore|x86.Build.0 = Release|Any CPU
		{805E7099-A633-4FB2-8ACE-8E2856E36480}.Debug|Any CPU.ActiveCfg = Debug|Any CPU
		{805E7099-A633-4FB2-8ACE-8E2856E36480}.Debug|Any CPU.Build.0 = Debug|Any CPU
		{805E7099-A633-4FB2-8ACE-8E2856E36480}.Debug|ARM.ActiveCfg = Debug|Any CPU
		{805E7099-A633-4FB2-8ACE-8E2856E36480}.Debug|ARM.Build.0 = Debug|Any CPU
		{805E7099-A633-4FB2-8ACE-8E2856E36480}.Debug|iPhone.ActiveCfg = Debug|Any CPU
		{805E7099-A633-4FB2-8ACE-8E2856E36480}.Debug|iPhone.Build.0 = Debug|Any CPU
		{805E7099-A633-4FB2-8ACE-8E2856E36480}.Debug|iPhoneSimulator.ActiveCfg = Debug|Any CPU
		{805E7099-A633-4FB2-8ACE-8E2856E36480}.Debug|iPhoneSimulator.Build.0 = Debug|Any CPU
		{805E7099-A633-4FB2-8ACE-8E2856E36480}.Debug|x64.ActiveCfg = Debug|Any CPU
		{805E7099-A633-4FB2-8ACE-8E2856E36480}.Debug|x64.Build.0 = Debug|Any CPU
		{805E7099-A633-4FB2-8ACE-8E2856E36480}.Debug|x86.ActiveCfg = Debug|Any CPU
		{805E7099-A633-4FB2-8ACE-8E2856E36480}.Debug|x86.Build.0 = Debug|Any CPU
		{805E7099-A633-4FB2-8ACE-8E2856E36480}.Release|Any CPU.ActiveCfg = Release|Any CPU
		{805E7099-A633-4FB2-8ACE-8E2856E36480}.Release|Any CPU.Build.0 = Release|Any CPU
		{805E7099-A633-4FB2-8ACE-8E2856E36480}.Release|ARM.ActiveCfg = Release|Any CPU
		{805E7099-A633-4FB2-8ACE-8E2856E36480}.Release|ARM.Build.0 = Release|Any CPU
		{805E7099-A633-4FB2-8ACE-8E2856E36480}.Release|iPhone.ActiveCfg = Release|Any CPU
		{805E7099-A633-4FB2-8ACE-8E2856E36480}.Release|iPhone.Build.0 = Release|Any CPU
		{805E7099-A633-4FB2-8ACE-8E2856E36480}.Release|iPhoneSimulator.ActiveCfg = Release|Any CPU
		{805E7099-A633-4FB2-8ACE-8E2856E36480}.Release|iPhoneSimulator.Build.0 = Release|Any CPU
		{805E7099-A633-4FB2-8ACE-8E2856E36480}.Release|x64.ActiveCfg = Release|Any CPU
		{805E7099-A633-4FB2-8ACE-8E2856E36480}.Release|x64.Build.0 = Release|Any CPU
		{805E7099-A633-4FB2-8ACE-8E2856E36480}.Release|x86.ActiveCfg = Release|Any CPU
		{805E7099-A633-4FB2-8ACE-8E2856E36480}.Release|x86.Build.0 = Release|Any CPU
		{A967500F-7F18-419C-BC94-018BB4DA95DA}.Ad-Hoc|Any CPU.ActiveCfg = Release|Any CPU
		{A967500F-7F18-419C-BC94-018BB4DA95DA}.Ad-Hoc|Any CPU.Build.0 = Release|Any CPU
		{A967500F-7F18-419C-BC94-018BB4DA95DA}.Ad-Hoc|Any CPU.Deploy.0 = Release|Any CPU
		{A967500F-7F18-419C-BC94-018BB4DA95DA}.Ad-Hoc|ARM.ActiveCfg = Release|Any CPU
		{A967500F-7F18-419C-BC94-018BB4DA95DA}.Ad-Hoc|ARM.Build.0 = Release|Any CPU
		{A967500F-7F18-419C-BC94-018BB4DA95DA}.Ad-Hoc|ARM.Deploy.0 = Release|Any CPU
		{A967500F-7F18-419C-BC94-018BB4DA95DA}.Ad-Hoc|iPhone.ActiveCfg = Release|Any CPU
		{A967500F-7F18-419C-BC94-018BB4DA95DA}.Ad-Hoc|iPhone.Build.0 = Release|Any CPU
		{A967500F-7F18-419C-BC94-018BB4DA95DA}.Ad-Hoc|iPhone.Deploy.0 = Release|Any CPU
		{A967500F-7F18-419C-BC94-018BB4DA95DA}.Ad-Hoc|iPhoneSimulator.ActiveCfg = Release|Any CPU
		{A967500F-7F18-419C-BC94-018BB4DA95DA}.Ad-Hoc|iPhoneSimulator.Build.0 = Release|Any CPU
		{A967500F-7F18-419C-BC94-018BB4DA95DA}.Ad-Hoc|iPhoneSimulator.Deploy.0 = Release|Any CPU
		{A967500F-7F18-419C-BC94-018BB4DA95DA}.Ad-Hoc|x64.ActiveCfg = Release|Any CPU
		{A967500F-7F18-419C-BC94-018BB4DA95DA}.Ad-Hoc|x64.Build.0 = Release|Any CPU
		{A967500F-7F18-419C-BC94-018BB4DA95DA}.Ad-Hoc|x64.Deploy.0 = Release|Any CPU
		{A967500F-7F18-419C-BC94-018BB4DA95DA}.Ad-Hoc|x86.ActiveCfg = Release|Any CPU
		{A967500F-7F18-419C-BC94-018BB4DA95DA}.Ad-Hoc|x86.Build.0 = Release|Any CPU
		{A967500F-7F18-419C-BC94-018BB4DA95DA}.Ad-Hoc|x86.Deploy.0 = Release|Any CPU
		{A967500F-7F18-419C-BC94-018BB4DA95DA}.AppStore|Any CPU.ActiveCfg = Release|Any CPU
		{A967500F-7F18-419C-BC94-018BB4DA95DA}.AppStore|Any CPU.Build.0 = Release|Any CPU
		{A967500F-7F18-419C-BC94-018BB4DA95DA}.AppStore|Any CPU.Deploy.0 = Release|Any CPU
		{A967500F-7F18-419C-BC94-018BB4DA95DA}.AppStore|ARM.ActiveCfg = Release|Any CPU
		{A967500F-7F18-419C-BC94-018BB4DA95DA}.AppStore|ARM.Build.0 = Release|Any CPU
		{A967500F-7F18-419C-BC94-018BB4DA95DA}.AppStore|ARM.Deploy.0 = Release|Any CPU
		{A967500F-7F18-419C-BC94-018BB4DA95DA}.AppStore|iPhone.ActiveCfg = Release|Any CPU
		{A967500F-7F18-419C-BC94-018BB4DA95DA}.AppStore|iPhone.Build.0 = Release|Any CPU
		{A967500F-7F18-419C-BC94-018BB4DA95DA}.AppStore|iPhone.Deploy.0 = Release|Any CPU
		{A967500F-7F18-419C-BC94-018BB4DA95DA}.AppStore|iPhoneSimulator.ActiveCfg = Release|Any CPU
		{A967500F-7F18-419C-BC94-018BB4DA95DA}.AppStore|iPhoneSimulator.Build.0 = Release|Any CPU
		{A967500F-7F18-419C-BC94-018BB4DA95DA}.AppStore|iPhoneSimulator.Deploy.0 = Release|Any CPU
		{A967500F-7F18-419C-BC94-018BB4DA95DA}.AppStore|x64.ActiveCfg = Release|Any CPU
		{A967500F-7F18-419C-BC94-018BB4DA95DA}.AppStore|x64.Build.0 = Release|Any CPU
		{A967500F-7F18-419C-BC94-018BB4DA95DA}.AppStore|x64.Deploy.0 = Release|Any CPU
		{A967500F-7F18-419C-BC94-018BB4DA95DA}.AppStore|x86.ActiveCfg = Release|Any CPU
		{A967500F-7F18-419C-BC94-018BB4DA95DA}.AppStore|x86.Build.0 = Release|Any CPU
		{A967500F-7F18-419C-BC94-018BB4DA95DA}.AppStore|x86.Deploy.0 = Release|Any CPU
		{A967500F-7F18-419C-BC94-018BB4DA95DA}.Debug|Any CPU.ActiveCfg = Debug|Any CPU
		{A967500F-7F18-419C-BC94-018BB4DA95DA}.Debug|Any CPU.Build.0 = Debug|Any CPU
		{A967500F-7F18-419C-BC94-018BB4DA95DA}.Debug|Any CPU.Deploy.0 = Debug|Any CPU
		{A967500F-7F18-419C-BC94-018BB4DA95DA}.Debug|ARM.ActiveCfg = Debug|Any CPU
		{A967500F-7F18-419C-BC94-018BB4DA95DA}.Debug|ARM.Build.0 = Debug|Any CPU
		{A967500F-7F18-419C-BC94-018BB4DA95DA}.Debug|ARM.Deploy.0 = Debug|Any CPU
		{A967500F-7F18-419C-BC94-018BB4DA95DA}.Debug|iPhone.ActiveCfg = Debug|Any CPU
		{A967500F-7F18-419C-BC94-018BB4DA95DA}.Debug|iPhone.Build.0 = Debug|Any CPU
		{A967500F-7F18-419C-BC94-018BB4DA95DA}.Debug|iPhone.Deploy.0 = Debug|Any CPU
		{A967500F-7F18-419C-BC94-018BB4DA95DA}.Debug|iPhoneSimulator.ActiveCfg = Debug|Any CPU
		{A967500F-7F18-419C-BC94-018BB4DA95DA}.Debug|iPhoneSimulator.Build.0 = Debug|Any CPU
		{A967500F-7F18-419C-BC94-018BB4DA95DA}.Debug|iPhoneSimulator.Deploy.0 = Debug|Any CPU
		{A967500F-7F18-419C-BC94-018BB4DA95DA}.Debug|x64.ActiveCfg = Debug|Any CPU
		{A967500F-7F18-419C-BC94-018BB4DA95DA}.Debug|x64.Build.0 = Debug|Any CPU
		{A967500F-7F18-419C-BC94-018BB4DA95DA}.Debug|x64.Deploy.0 = Debug|Any CPU
		{A967500F-7F18-419C-BC94-018BB4DA95DA}.Debug|x86.ActiveCfg = Debug|Any CPU
		{A967500F-7F18-419C-BC94-018BB4DA95DA}.Debug|x86.Build.0 = Debug|Any CPU
		{A967500F-7F18-419C-BC94-018BB4DA95DA}.Debug|x86.Deploy.0 = Debug|Any CPU
		{A967500F-7F18-419C-BC94-018BB4DA95DA}.Release|Any CPU.ActiveCfg = Release|Any CPU
		{A967500F-7F18-419C-BC94-018BB4DA95DA}.Release|Any CPU.Build.0 = Release|Any CPU
		{A967500F-7F18-419C-BC94-018BB4DA95DA}.Release|Any CPU.Deploy.0 = Release|Any CPU
		{A967500F-7F18-419C-BC94-018BB4DA95DA}.Release|ARM.ActiveCfg = Release|Any CPU
		{A967500F-7F18-419C-BC94-018BB4DA95DA}.Release|ARM.Build.0 = Release|Any CPU
		{A967500F-7F18-419C-BC94-018BB4DA95DA}.Release|ARM.Deploy.0 = Release|Any CPU
		{A967500F-7F18-419C-BC94-018BB4DA95DA}.Release|iPhone.ActiveCfg = Release|Any CPU
		{A967500F-7F18-419C-BC94-018BB4DA95DA}.Release|iPhone.Build.0 = Release|Any CPU
		{A967500F-7F18-419C-BC94-018BB4DA95DA}.Release|iPhone.Deploy.0 = Release|Any CPU
		{A967500F-7F18-419C-BC94-018BB4DA95DA}.Release|iPhoneSimulator.ActiveCfg = Release|Any CPU
		{A967500F-7F18-419C-BC94-018BB4DA95DA}.Release|iPhoneSimulator.Build.0 = Release|Any CPU
		{A967500F-7F18-419C-BC94-018BB4DA95DA}.Release|iPhoneSimulator.Deploy.0 = Release|Any CPU
		{A967500F-7F18-419C-BC94-018BB4DA95DA}.Release|x64.ActiveCfg = Release|Any CPU
		{A967500F-7F18-419C-BC94-018BB4DA95DA}.Release|x64.Build.0 = Release|Any CPU
		{A967500F-7F18-419C-BC94-018BB4DA95DA}.Release|x64.Deploy.0 = Release|Any CPU
		{A967500F-7F18-419C-BC94-018BB4DA95DA}.Release|x86.ActiveCfg = Release|Any CPU
		{A967500F-7F18-419C-BC94-018BB4DA95DA}.Release|x86.Build.0 = Release|Any CPU
		{A967500F-7F18-419C-BC94-018BB4DA95DA}.Release|x86.Deploy.0 = Release|Any CPU
		{C4C7F3BC-89D3-4D3E-ABE7-5096DB5DDB96}.Ad-Hoc|Any CPU.ActiveCfg = Ad-Hoc|iPhone
		{C4C7F3BC-89D3-4D3E-ABE7-5096DB5DDB96}.Ad-Hoc|ARM.ActiveCfg = Ad-Hoc|iPhone
		{C4C7F3BC-89D3-4D3E-ABE7-5096DB5DDB96}.Ad-Hoc|iPhone.ActiveCfg = Ad-Hoc|iPhone
		{C4C7F3BC-89D3-4D3E-ABE7-5096DB5DDB96}.Ad-Hoc|iPhone.Build.0 = Ad-Hoc|iPhone
		{C4C7F3BC-89D3-4D3E-ABE7-5096DB5DDB96}.Ad-Hoc|iPhoneSimulator.ActiveCfg = Ad-Hoc|iPhoneSimulator
		{C4C7F3BC-89D3-4D3E-ABE7-5096DB5DDB96}.Ad-Hoc|iPhoneSimulator.Build.0 = Ad-Hoc|iPhoneSimulator
		{C4C7F3BC-89D3-4D3E-ABE7-5096DB5DDB96}.Ad-Hoc|x64.ActiveCfg = Ad-Hoc|iPhone
		{C4C7F3BC-89D3-4D3E-ABE7-5096DB5DDB96}.Ad-Hoc|x86.ActiveCfg = Ad-Hoc|iPhone
		{C4C7F3BC-89D3-4D3E-ABE7-5096DB5DDB96}.AppStore|Any CPU.ActiveCfg = AppStore|iPhone
		{C4C7F3BC-89D3-4D3E-ABE7-5096DB5DDB96}.AppStore|ARM.ActiveCfg = AppStore|iPhone
		{C4C7F3BC-89D3-4D3E-ABE7-5096DB5DDB96}.AppStore|iPhone.ActiveCfg = AppStore|iPhone
		{C4C7F3BC-89D3-4D3E-ABE7-5096DB5DDB96}.AppStore|iPhone.Build.0 = AppStore|iPhone
		{C4C7F3BC-89D3-4D3E-ABE7-5096DB5DDB96}.AppStore|iPhoneSimulator.ActiveCfg = AppStore|iPhoneSimulator
		{C4C7F3BC-89D3-4D3E-ABE7-5096DB5DDB96}.AppStore|iPhoneSimulator.Build.0 = AppStore|iPhoneSimulator
		{C4C7F3BC-89D3-4D3E-ABE7-5096DB5DDB96}.AppStore|x64.ActiveCfg = AppStore|iPhone
		{C4C7F3BC-89D3-4D3E-ABE7-5096DB5DDB96}.AppStore|x86.ActiveCfg = AppStore|iPhone
		{C4C7F3BC-89D3-4D3E-ABE7-5096DB5DDB96}.Debug|Any CPU.ActiveCfg = Debug|iPhone
		{C4C7F3BC-89D3-4D3E-ABE7-5096DB5DDB96}.Debug|ARM.ActiveCfg = Debug|iPhone
		{C4C7F3BC-89D3-4D3E-ABE7-5096DB5DDB96}.Debug|iPhone.ActiveCfg = Debug|iPhone
		{C4C7F3BC-89D3-4D3E-ABE7-5096DB5DDB96}.Debug|iPhone.Build.0 = Debug|iPhone
		{C4C7F3BC-89D3-4D3E-ABE7-5096DB5DDB96}.Debug|iPhoneSimulator.ActiveCfg = Debug|iPhoneSimulator
		{C4C7F3BC-89D3-4D3E-ABE7-5096DB5DDB96}.Debug|iPhoneSimulator.Build.0 = Debug|iPhoneSimulator
		{C4C7F3BC-89D3-4D3E-ABE7-5096DB5DDB96}.Debug|x64.ActiveCfg = Debug|iPhone
		{C4C7F3BC-89D3-4D3E-ABE7-5096DB5DDB96}.Debug|x86.ActiveCfg = Debug|iPhone
		{C4C7F3BC-89D3-4D3E-ABE7-5096DB5DDB96}.Release|Any CPU.ActiveCfg = Release|iPhone
		{C4C7F3BC-89D3-4D3E-ABE7-5096DB5DDB96}.Release|ARM.ActiveCfg = Release|iPhone
		{C4C7F3BC-89D3-4D3E-ABE7-5096DB5DDB96}.Release|iPhone.ActiveCfg = Release|iPhone
		{C4C7F3BC-89D3-4D3E-ABE7-5096DB5DDB96}.Release|iPhone.Build.0 = Release|iPhone
		{C4C7F3BC-89D3-4D3E-ABE7-5096DB5DDB96}.Release|iPhoneSimulator.ActiveCfg = Release|iPhoneSimulator
		{C4C7F3BC-89D3-4D3E-ABE7-5096DB5DDB96}.Release|iPhoneSimulator.Build.0 = Release|iPhoneSimulator
		{C4C7F3BC-89D3-4D3E-ABE7-5096DB5DDB96}.Release|x64.ActiveCfg = Release|iPhone
		{C4C7F3BC-89D3-4D3E-ABE7-5096DB5DDB96}.Release|x86.ActiveCfg = Release|iPhone
		{4E5B54F4-14F5-42D5-B2CF-A6384C5C734C}.Ad-Hoc|Any CPU.ActiveCfg = Release|x86
		{4E5B54F4-14F5-42D5-B2CF-A6384C5C734C}.Ad-Hoc|Any CPU.Build.0 = Release|x86
		{4E5B54F4-14F5-42D5-B2CF-A6384C5C734C}.Ad-Hoc|Any CPU.Deploy.0 = Release|x86
		{4E5B54F4-14F5-42D5-B2CF-A6384C5C734C}.Ad-Hoc|ARM.ActiveCfg = Release|ARM
		{4E5B54F4-14F5-42D5-B2CF-A6384C5C734C}.Ad-Hoc|ARM.Build.0 = Release|ARM
		{4E5B54F4-14F5-42D5-B2CF-A6384C5C734C}.Ad-Hoc|ARM.Deploy.0 = Release|ARM
		{4E5B54F4-14F5-42D5-B2CF-A6384C5C734C}.Ad-Hoc|iPhone.ActiveCfg = Release|x86
		{4E5B54F4-14F5-42D5-B2CF-A6384C5C734C}.Ad-Hoc|iPhone.Build.0 = Release|x86
		{4E5B54F4-14F5-42D5-B2CF-A6384C5C734C}.Ad-Hoc|iPhone.Deploy.0 = Release|x86
		{4E5B54F4-14F5-42D5-B2CF-A6384C5C734C}.Ad-Hoc|iPhoneSimulator.ActiveCfg = Release|x86
		{4E5B54F4-14F5-42D5-B2CF-A6384C5C734C}.Ad-Hoc|iPhoneSimulator.Build.0 = Release|x86
		{4E5B54F4-14F5-42D5-B2CF-A6384C5C734C}.Ad-Hoc|iPhoneSimulator.Deploy.0 = Release|x86
		{4E5B54F4-14F5-42D5-B2CF-A6384C5C734C}.Ad-Hoc|x64.ActiveCfg = Release|x64
		{4E5B54F4-14F5-42D5-B2CF-A6384C5C734C}.Ad-Hoc|x64.Build.0 = Release|x64
		{4E5B54F4-14F5-42D5-B2CF-A6384C5C734C}.Ad-Hoc|x64.Deploy.0 = Release|x64
		{4E5B54F4-14F5-42D5-B2CF-A6384C5C734C}.Ad-Hoc|x86.ActiveCfg = Release|x86
		{4E5B54F4-14F5-42D5-B2CF-A6384C5C734C}.Ad-Hoc|x86.Build.0 = Release|x86
		{4E5B54F4-14F5-42D5-B2CF-A6384C5C734C}.Ad-Hoc|x86.Deploy.0 = Release|x86
		{4E5B54F4-14F5-42D5-B2CF-A6384C5C734C}.AppStore|Any CPU.ActiveCfg = Release|x86
		{4E5B54F4-14F5-42D5-B2CF-A6384C5C734C}.AppStore|Any CPU.Build.0 = Release|x86
		{4E5B54F4-14F5-42D5-B2CF-A6384C5C734C}.AppStore|Any CPU.Deploy.0 = Release|x86
		{4E5B54F4-14F5-42D5-B2CF-A6384C5C734C}.AppStore|ARM.ActiveCfg = Release|ARM
		{4E5B54F4-14F5-42D5-B2CF-A6384C5C734C}.AppStore|ARM.Build.0 = Release|ARM
		{4E5B54F4-14F5-42D5-B2CF-A6384C5C734C}.AppStore|ARM.Deploy.0 = Release|ARM
		{4E5B54F4-14F5-42D5-B2CF-A6384C5C734C}.AppStore|iPhone.ActiveCfg = Release|x86
		{4E5B54F4-14F5-42D5-B2CF-A6384C5C734C}.AppStore|iPhone.Build.0 = Release|x86
		{4E5B54F4-14F5-42D5-B2CF-A6384C5C734C}.AppStore|iPhone.Deploy.0 = Release|x86
		{4E5B54F4-14F5-42D5-B2CF-A6384C5C734C}.AppStore|iPhoneSimulator.ActiveCfg = Release|x86
		{4E5B54F4-14F5-42D5-B2CF-A6384C5C734C}.AppStore|iPhoneSimulator.Build.0 = Release|x86
		{4E5B54F4-14F5-42D5-B2CF-A6384C5C734C}.AppStore|iPhoneSimulator.Deploy.0 = Release|x86
		{4E5B54F4-14F5-42D5-B2CF-A6384C5C734C}.AppStore|x64.ActiveCfg = Release|x64
		{4E5B54F4-14F5-42D5-B2CF-A6384C5C734C}.AppStore|x64.Build.0 = Release|x64
		{4E5B54F4-14F5-42D5-B2CF-A6384C5C734C}.AppStore|x64.Deploy.0 = Release|x64
		{4E5B54F4-14F5-42D5-B2CF-A6384C5C734C}.AppStore|x86.ActiveCfg = Release|x86
		{4E5B54F4-14F5-42D5-B2CF-A6384C5C734C}.AppStore|x86.Build.0 = Release|x86
		{4E5B54F4-14F5-42D5-B2CF-A6384C5C734C}.AppStore|x86.Deploy.0 = Release|x86
		{4E5B54F4-14F5-42D5-B2CF-A6384C5C734C}.Debug|Any CPU.ActiveCfg = Debug|x86
		{4E5B54F4-14F5-42D5-B2CF-A6384C5C734C}.Debug|Any CPU.Build.0 = Debug|x86
		{4E5B54F4-14F5-42D5-B2CF-A6384C5C734C}.Debug|Any CPU.Deploy.0 = Debug|x86
		{4E5B54F4-14F5-42D5-B2CF-A6384C5C734C}.Debug|ARM.ActiveCfg = Debug|ARM
		{4E5B54F4-14F5-42D5-B2CF-A6384C5C734C}.Debug|ARM.Build.0 = Debug|ARM
		{4E5B54F4-14F5-42D5-B2CF-A6384C5C734C}.Debug|ARM.Deploy.0 = Debug|ARM
		{4E5B54F4-14F5-42D5-B2CF-A6384C5C734C}.Debug|iPhone.ActiveCfg = Debug|x86
		{4E5B54F4-14F5-42D5-B2CF-A6384C5C734C}.Debug|iPhoneSimulator.ActiveCfg = Debug|x86
		{4E5B54F4-14F5-42D5-B2CF-A6384C5C734C}.Debug|x64.ActiveCfg = Debug|x64
		{4E5B54F4-14F5-42D5-B2CF-A6384C5C734C}.Debug|x64.Build.0 = Debug|x64
		{4E5B54F4-14F5-42D5-B2CF-A6384C5C734C}.Debug|x64.Deploy.0 = Debug|x64
		{4E5B54F4-14F5-42D5-B2CF-A6384C5C734C}.Debug|x86.ActiveCfg = Debug|x86
		{4E5B54F4-14F5-42D5-B2CF-A6384C5C734C}.Debug|x86.Build.0 = Debug|x86
		{4E5B54F4-14F5-42D5-B2CF-A6384C5C734C}.Debug|x86.Deploy.0 = Debug|x86
		{4E5B54F4-14F5-42D5-B2CF-A6384C5C734C}.Release|Any CPU.ActiveCfg = Release|x86
		{4E5B54F4-14F5-42D5-B2CF-A6384C5C734C}.Release|ARM.ActiveCfg = Release|ARM
		{4E5B54F4-14F5-42D5-B2CF-A6384C5C734C}.Release|ARM.Build.0 = Release|ARM
		{4E5B54F4-14F5-42D5-B2CF-A6384C5C734C}.Release|ARM.Deploy.0 = Release|ARM
		{4E5B54F4-14F5-42D5-B2CF-A6384C5C734C}.Release|iPhone.ActiveCfg = Release|x86
		{4E5B54F4-14F5-42D5-B2CF-A6384C5C734C}.Release|iPhoneSimulator.ActiveCfg = Release|x86
		{4E5B54F4-14F5-42D5-B2CF-A6384C5C734C}.Release|x64.ActiveCfg = Release|x64
		{4E5B54F4-14F5-42D5-B2CF-A6384C5C734C}.Release|x64.Build.0 = Release|x64
		{4E5B54F4-14F5-42D5-B2CF-A6384C5C734C}.Release|x64.Deploy.0 = Release|x64
		{4E5B54F4-14F5-42D5-B2CF-A6384C5C734C}.Release|x86.ActiveCfg = Release|x86
		{4E5B54F4-14F5-42D5-B2CF-A6384C5C734C}.Release|x86.Build.0 = Release|x86
		{4E5B54F4-14F5-42D5-B2CF-A6384C5C734C}.Release|x86.Deploy.0 = Release|x86
	EndGlobalSection
	GlobalSection(SolutionProperties) = preSolution
		HideSolutionNode = FALSE
	EndGlobalSection
EndGlobal
